// !$*UTF8*$!
{
	archiveVersion = 1;
	classes = {
	};
	objectVersion = 50;
	objects = {

/* Begin PBXBuildFile section */
		7C8CA013256E83800057FB3C /* EditionTableViewCell.swift in Sources */ = {isa = PBXBuildFile; fileRef = 7C8CA012256E83800057FB3C /* EditionTableViewCell.swift */; };
		7C9447EF256BED5B009D8C86 /* NewHabitView.swift in Sources */ = {isa = PBXBuildFile; fileRef = 7C9447EE256BED5B009D8C86 /* NewHabitView.swift */; };
		7C9447F2256BF3F5009D8C86 /* NewHabitController.swift in Sources */ = {isa = PBXBuildFile; fileRef = 7C9447F1256BF3F5009D8C86 /* NewHabitController.swift */; };
		FE07FC9F2567FC8700E1A537 /* AppDelegate.swift in Sources */ = {isa = PBXBuildFile; fileRef = FE07FC9E2567FC8700E1A537 /* AppDelegate.swift */; };
		FE07FCA12567FC8700E1A537 /* SceneDelegate.swift in Sources */ = {isa = PBXBuildFile; fileRef = FE07FCA02567FC8700E1A537 /* SceneDelegate.swift */; };
		FE07FCA32567FC8700E1A537 /* ViewController.swift in Sources */ = {isa = PBXBuildFile; fileRef = FE07FCA22567FC8700E1A537 /* ViewController.swift */; };
		FE07FCA62567FC8700E1A537 /* Main.storyboard in Resources */ = {isa = PBXBuildFile; fileRef = FE07FCA42567FC8700E1A537 /* Main.storyboard */; };
		FE07FCA92567FC8700E1A537 /* Chantine.xcdatamodeld in Sources */ = {isa = PBXBuildFile; fileRef = FE07FCA72567FC8700E1A537 /* Chantine.xcdatamodeld */; };
		FE07FCAB2567FC8900E1A537 /* Assets.xcassets in Resources */ = {isa = PBXBuildFile; fileRef = FE07FCAA2567FC8900E1A537 /* Assets.xcassets */; };
		FE07FCAE2567FC8900E1A537 /* LaunchScreen.storyboard in Resources */ = {isa = PBXBuildFile; fileRef = FE07FCAC2567FC8900E1A537 /* LaunchScreen.storyboard */; };
		FE07FCB92567FC8A00E1A537 /* ChantineTests.swift in Sources */ = {isa = PBXBuildFile; fileRef = FE07FCB82567FC8A00E1A537 /* ChantineTests.swift */; };
		FE07FCC42567FC8A00E1A537 /* ChantineUITests.swift in Sources */ = {isa = PBXBuildFile; fileRef = FE07FCC32567FC8A00E1A537 /* ChantineUITests.swift */; };
		FE07FCE6256BCDD400E1A537 /* ViewModel.swift in Sources */ = {isa = PBXBuildFile; fileRef = FE07FCE5256BCDD400E1A537 /* ViewModel.swift */; };
		FE07FCF1256BCE2500E1A537 /* Colors.swift in Sources */ = {isa = PBXBuildFile; fileRef = FE07FCF0256BCE2500E1A537 /* Colors.swift */; };
		FE07FCFA256BCE8F00E1A537 /* RepositoryProtocol.swift in Sources */ = {isa = PBXBuildFile; fileRef = FE07FCF9256BCE8F00E1A537 /* RepositoryProtocol.swift */; };
/* End PBXBuildFile section */

/* Begin PBXContainerItemProxy section */
		FE07FCB52567FC8A00E1A537 /* PBXContainerItemProxy */ = {
			isa = PBXContainerItemProxy;
			containerPortal = FE07FC932567FC8700E1A537 /* Project object */;
			proxyType = 1;
			remoteGlobalIDString = FE07FC9A2567FC8700E1A537;
			remoteInfo = Chantine;
		};
		FE07FCC02567FC8A00E1A537 /* PBXContainerItemProxy */ = {
			isa = PBXContainerItemProxy;
			containerPortal = FE07FC932567FC8700E1A537 /* Project object */;
			proxyType = 1;
			remoteGlobalIDString = FE07FC9A2567FC8700E1A537;
			remoteInfo = Chantine;
		};
/* End PBXContainerItemProxy section */

/* Begin PBXFileReference section */
		7C8CA012256E83800057FB3C /* EditionTableViewCell.swift */ = {isa = PBXFileReference; lastKnownFileType = sourcecode.swift; path = EditionTableViewCell.swift; sourceTree = "<group>"; };
		7C9447EE256BED5B009D8C86 /* NewHabitView.swift */ = {isa = PBXFileReference; lastKnownFileType = sourcecode.swift; path = NewHabitView.swift; sourceTree = "<group>"; };
		7C9447F1256BF3F5009D8C86 /* NewHabitController.swift */ = {isa = PBXFileReference; lastKnownFileType = sourcecode.swift; path = NewHabitController.swift; sourceTree = "<group>"; };
		FE07FC9B2567FC8700E1A537 /* Chantine.app */ = {isa = PBXFileReference; explicitFileType = wrapper.application; includeInIndex = 0; path = Chantine.app; sourceTree = BUILT_PRODUCTS_DIR; };
		FE07FC9E2567FC8700E1A537 /* AppDelegate.swift */ = {isa = PBXFileReference; lastKnownFileType = sourcecode.swift; path = AppDelegate.swift; sourceTree = "<group>"; };
		FE07FCA02567FC8700E1A537 /* SceneDelegate.swift */ = {isa = PBXFileReference; lastKnownFileType = sourcecode.swift; path = SceneDelegate.swift; sourceTree = "<group>"; };
		FE07FCA22567FC8700E1A537 /* ViewController.swift */ = {isa = PBXFileReference; lastKnownFileType = sourcecode.swift; path = ViewController.swift; sourceTree = "<group>"; };
		FE07FCA52567FC8700E1A537 /* Base */ = {isa = PBXFileReference; lastKnownFileType = file.storyboard; name = Base; path = Base.lproj/Main.storyboard; sourceTree = "<group>"; };
		FE07FCA82567FC8700E1A537 /* Chantine.xcdatamodel */ = {isa = PBXFileReference; lastKnownFileType = wrapper.xcdatamodel; path = Chantine.xcdatamodel; sourceTree = "<group>"; };
		FE07FCAA2567FC8900E1A537 /* Assets.xcassets */ = {isa = PBXFileReference; lastKnownFileType = folder.assetcatalog; path = Assets.xcassets; sourceTree = "<group>"; };
		FE07FCAD2567FC8900E1A537 /* Base */ = {isa = PBXFileReference; lastKnownFileType = file.storyboard; name = Base; path = Base.lproj/LaunchScreen.storyboard; sourceTree = "<group>"; };
		FE07FCAF2567FC8900E1A537 /* Info.plist */ = {isa = PBXFileReference; lastKnownFileType = text.plist.xml; path = Info.plist; sourceTree = "<group>"; };
		FE07FCB42567FC8A00E1A537 /* ChantineTests.xctest */ = {isa = PBXFileReference; explicitFileType = wrapper.cfbundle; includeInIndex = 0; path = ChantineTests.xctest; sourceTree = BUILT_PRODUCTS_DIR; };
		FE07FCB82567FC8A00E1A537 /* ChantineTests.swift */ = {isa = PBXFileReference; lastKnownFileType = sourcecode.swift; path = ChantineTests.swift; sourceTree = "<group>"; };
		FE07FCBA2567FC8A00E1A537 /* Info.plist */ = {isa = PBXFileReference; lastKnownFileType = text.plist.xml; path = Info.plist; sourceTree = "<group>"; };
		FE07FCBF2567FC8A00E1A537 /* ChantineUITests.xctest */ = {isa = PBXFileReference; explicitFileType = wrapper.cfbundle; includeInIndex = 0; path = ChantineUITests.xctest; sourceTree = BUILT_PRODUCTS_DIR; };
		FE07FCC32567FC8A00E1A537 /* ChantineUITests.swift */ = {isa = PBXFileReference; lastKnownFileType = sourcecode.swift; path = ChantineUITests.swift; sourceTree = "<group>"; };
		FE07FCC52567FC8A00E1A537 /* Info.plist */ = {isa = PBXFileReference; lastKnownFileType = text.plist.xml; path = Info.plist; sourceTree = "<group>"; };
		FE07FCE5256BCDD400E1A537 /* ViewModel.swift */ = {isa = PBXFileReference; lastKnownFileType = sourcecode.swift; path = ViewModel.swift; sourceTree = "<group>"; };
		FE07FCF0256BCE2500E1A537 /* Colors.swift */ = {isa = PBXFileReference; lastKnownFileType = sourcecode.swift; path = Colors.swift; sourceTree = "<group>"; };
		FE07FCF9256BCE8F00E1A537 /* RepositoryProtocol.swift */ = {isa = PBXFileReference; lastKnownFileType = sourcecode.swift; path = RepositoryProtocol.swift; sourceTree = "<group>"; };
/* End PBXFileReference section */

/* Begin PBXFrameworksBuildPhase section */
		FE07FC982567FC8700E1A537 /* Frameworks */ = {
			isa = PBXFrameworksBuildPhase;
			buildActionMask = 2147483647;
			files = (
			);
			runOnlyForDeploymentPostprocessing = 0;
		};
		FE07FCB12567FC8A00E1A537 /* Frameworks */ = {
			isa = PBXFrameworksBuildPhase;
			buildActionMask = 2147483647;
			files = (
			);
			runOnlyForDeploymentPostprocessing = 0;
		};
		FE07FCBC2567FC8A00E1A537 /* Frameworks */ = {
			isa = PBXFrameworksBuildPhase;
			buildActionMask = 2147483647;
			files = (
			);
			runOnlyForDeploymentPostprocessing = 0;
		};
/* End PBXFrameworksBuildPhase section */

/* Begin PBXGroup section */
		7C9447F0256BF3D1009D8C86 /* NewHabit */ = {
			isa = PBXGroup;
			children = (
				7C9447EE256BED5B009D8C86 /* NewHabitView.swift */,
				7C9447F1256BF3F5009D8C86 /* NewHabitController.swift */,
				7C8CA012256E83800057FB3C /* EditionTableViewCell.swift */,
			);
			path = NewHabit;
			sourceTree = "<group>";
		};
		FE07FC922567FC8700E1A537 = {
			isa = PBXGroup;
			children = (
				FE07FC9D2567FC8700E1A537 /* Chantine */,
				FE07FCB72567FC8A00E1A537 /* ChantineTests */,
				FE07FCC22567FC8A00E1A537 /* ChantineUITests */,
				FE07FC9C2567FC8700E1A537 /* Products */,
			);
			sourceTree = "<group>";
		};
		FE07FC9C2567FC8700E1A537 /* Products */ = {
			isa = PBXGroup;
			children = (
				FE07FC9B2567FC8700E1A537 /* Chantine.app */,
				FE07FCB42567FC8A00E1A537 /* ChantineTests.xctest */,
				FE07FCBF2567FC8A00E1A537 /* ChantineUITests.xctest */,
			);
			name = Products;
			sourceTree = "<group>";
		};
		FE07FC9D2567FC8700E1A537 /* Chantine */ = {
			isa = PBXGroup;
			children = (
				FE07FCDB256BCD7400E1A537 /* Model */,
				FE07FCE2256BCD7B00E1A537 /* View */,
				FE07FCE3256BCD8100E1A537 /* ViewModel */,
				FE07FCED256BCDF900E1A537 /* Utils */,
				FE07FCE4256BCD9800E1A537 /* Shared */,
				FE07FCAA2567FC8900E1A537 /* Assets.xcassets */,
				FE07FCAF2567FC8900E1A537 /* Info.plist */,
			);
			path = Chantine;
			sourceTree = "<group>";
		};
		FE07FCB72567FC8A00E1A537 /* ChantineTests */ = {
			isa = PBXGroup;
			children = (
				FE07FCB82567FC8A00E1A537 /* ChantineTests.swift */,
				FE07FCBA2567FC8A00E1A537 /* Info.plist */,
			);
			path = ChantineTests;
			sourceTree = "<group>";
		};
		FE07FCC22567FC8A00E1A537 /* ChantineUITests */ = {
			isa = PBXGroup;
			children = (
				FE07FCC32567FC8A00E1A537 /* ChantineUITests.swift */,
				FE07FCC52567FC8A00E1A537 /* Info.plist */,
			);
			path = ChantineUITests;
			sourceTree = "<group>";
		};
		FE07FCDB256BCD7400E1A537 /* Model */ = {
			isa = PBXGroup;
			children = (
				FE07FCA72567FC8700E1A537 /* Chantine.xcdatamodeld */,
			);
			path = Model;
			sourceTree = "<group>";
		};
		FE07FCE2256BCD7B00E1A537 /* View */ = {
			isa = PBXGroup;
			children = (
				7C9447F0256BF3D1009D8C86 /* NewHabit */,
				FE07FCF8256BCE4A00E1A537 /* Main */,
				FE07FCAC2567FC8900E1A537 /* LaunchScreen.storyboard */,
			);
			path = View;
			sourceTree = "<group>";
		};
		FE07FCE3256BCD8100E1A537 /* ViewModel */ = {
			isa = PBXGroup;
			children = (
				FE07FCE5256BCDD400E1A537 /* ViewModel.swift */,
			);
			path = ViewModel;
			sourceTree = "<group>";
		};
		FE07FCE4256BCD9800E1A537 /* Shared */ = {
			isa = PBXGroup;
			children = (
				FE07FC9E2567FC8700E1A537 /* AppDelegate.swift */,
				FE07FCA02567FC8700E1A537 /* SceneDelegate.swift */,
			);
			path = Shared;
			sourceTree = "<group>";
		};
		FE07FCED256BCDF900E1A537 /* Utils */ = {
			isa = PBXGroup;
			children = (
				FE07FCEF256BCE0E00E1A537 /* Protocols */,
				FE07FCEE256BCE0500E1A537 /* Extensions */,
			);
			path = Utils;
			sourceTree = "<group>";
		};
		FE07FCEE256BCE0500E1A537 /* Extensions */ = {
			isa = PBXGroup;
			children = (
				FE07FCF0256BCE2500E1A537 /* Colors.swift */,
			);
			path = Extensions;
			sourceTree = "<group>";
		};
		FE07FCEF256BCE0E00E1A537 /* Protocols */ = {
			isa = PBXGroup;
			children = (
				FE07FCF9256BCE8F00E1A537 /* RepositoryProtocol.swift */,
			);
			path = Protocols;
			sourceTree = "<group>";
		};
		FE07FCF8256BCE4A00E1A537 /* Main */ = {
			isa = PBXGroup;
			children = (
				FE07FCA42567FC8700E1A537 /* Main.storyboard */,
				FE07FCA22567FC8700E1A537 /* ViewController.swift */,
			);
			path = Main;
			sourceTree = "<group>";
		};
/* End PBXGroup section */

/* Begin PBXNativeTarget section */
		FE07FC9A2567FC8700E1A537 /* Chantine */ = {
			isa = PBXNativeTarget;
			buildConfigurationList = FE07FCC82567FC8A00E1A537 /* Build configuration list for PBXNativeTarget "Chantine" */;
			buildPhases = (
				FE07FC972567FC8700E1A537 /* Sources */,
				FE07FC982567FC8700E1A537 /* Frameworks */,
				FE07FC992567FC8700E1A537 /* Resources */,
				FE07FCD42567FDA100E1A537 /* ShellScript */,
			);
			buildRules = (
			);
			dependencies = (
			);
			name = Chantine;
			productName = Chantine;
			productReference = FE07FC9B2567FC8700E1A537 /* Chantine.app */;
			productType = "com.apple.product-type.application";
		};
		FE07FCB32567FC8A00E1A537 /* ChantineTests */ = {
			isa = PBXNativeTarget;
			buildConfigurationList = FE07FCCB2567FC8A00E1A537 /* Build configuration list for PBXNativeTarget "ChantineTests" */;
			buildPhases = (
				FE07FCB02567FC8A00E1A537 /* Sources */,
				FE07FCB12567FC8A00E1A537 /* Frameworks */,
				FE07FCB22567FC8A00E1A537 /* Resources */,
			);
			buildRules = (
			);
			dependencies = (
				FE07FCB62567FC8A00E1A537 /* PBXTargetDependency */,
			);
			name = ChantineTests;
			productName = ChantineTests;
			productReference = FE07FCB42567FC8A00E1A537 /* ChantineTests.xctest */;
			productType = "com.apple.product-type.bundle.unit-test";
		};
		FE07FCBE2567FC8A00E1A537 /* ChantineUITests */ = {
			isa = PBXNativeTarget;
			buildConfigurationList = FE07FCCE2567FC8A00E1A537 /* Build configuration list for PBXNativeTarget "ChantineUITests" */;
			buildPhases = (
				FE07FCBB2567FC8A00E1A537 /* Sources */,
				FE07FCBC2567FC8A00E1A537 /* Frameworks */,
				FE07FCBD2567FC8A00E1A537 /* Resources */,
			);
			buildRules = (
			);
			dependencies = (
				FE07FCC12567FC8A00E1A537 /* PBXTargetDependency */,
			);
			name = ChantineUITests;
			productName = ChantineUITests;
			productReference = FE07FCBF2567FC8A00E1A537 /* ChantineUITests.xctest */;
			productType = "com.apple.product-type.bundle.ui-testing";
		};
/* End PBXNativeTarget section */

/* Begin PBXProject section */
		FE07FC932567FC8700E1A537 /* Project object */ = {
			isa = PBXProject;
			attributes = {
				LastSwiftUpdateCheck = 1220;
				LastUpgradeCheck = 1220;
				TargetAttributes = {
					FE07FC9A2567FC8700E1A537 = {
						CreatedOnToolsVersion = 12.2;
					};
					FE07FCB32567FC8A00E1A537 = {
						CreatedOnToolsVersion = 12.2;
						TestTargetID = FE07FC9A2567FC8700E1A537;
					};
					FE07FCBE2567FC8A00E1A537 = {
						CreatedOnToolsVersion = 12.2;
						TestTargetID = FE07FC9A2567FC8700E1A537;
					};
				};
			};
			buildConfigurationList = FE07FC962567FC8700E1A537 /* Build configuration list for PBXProject "Chantine" */;
			compatibilityVersion = "Xcode 9.3";
			developmentRegion = en;
			hasScannedForEncodings = 0;
			knownRegions = (
				en,
				Base,
			);
			mainGroup = FE07FC922567FC8700E1A537;
			productRefGroup = FE07FC9C2567FC8700E1A537 /* Products */;
			projectDirPath = "";
			projectRoot = "";
			targets = (
				FE07FC9A2567FC8700E1A537 /* Chantine */,
				FE07FCB32567FC8A00E1A537 /* ChantineTests */,
				FE07FCBE2567FC8A00E1A537 /* ChantineUITests */,
			);
		};
/* End PBXProject section */

/* Begin PBXResourcesBuildPhase section */
		FE07FC992567FC8700E1A537 /* Resources */ = {
			isa = PBXResourcesBuildPhase;
			buildActionMask = 2147483647;
			files = (
				FE07FCAE2567FC8900E1A537 /* LaunchScreen.storyboard in Resources */,
				FE07FCAB2567FC8900E1A537 /* Assets.xcassets in Resources */,
				FE07FCA62567FC8700E1A537 /* Main.storyboard in Resources */,
			);
			runOnlyForDeploymentPostprocessing = 0;
		};
		FE07FCB22567FC8A00E1A537 /* Resources */ = {
			isa = PBXResourcesBuildPhase;
			buildActionMask = 2147483647;
			files = (
			);
			runOnlyForDeploymentPostprocessing = 0;
		};
		FE07FCBD2567FC8A00E1A537 /* Resources */ = {
			isa = PBXResourcesBuildPhase;
			buildActionMask = 2147483647;
			files = (
			);
			runOnlyForDeploymentPostprocessing = 0;
		};
/* End PBXResourcesBuildPhase section */

/* Begin PBXShellScriptBuildPhase section */
		FE07FCD42567FDA100E1A537 /* ShellScript */ = {
			isa = PBXShellScriptBuildPhase;
			buildActionMask = 2147483647;
			files = (
			);
			inputFileListPaths = (
			);
			inputPaths = (
			);
			outputFileListPaths = (
			);
			outputPaths = (
			);
			runOnlyForDeploymentPostprocessing = 0;
			shellPath = /bin/sh;
			shellScript = "if which swiftlint >/dev/null; then\n  swiftlint\nelse\n  echo \"warning: SwiftLint not installed, download from https://github.com/realm/SwiftLint\"\nfi\n";
		};
/* End PBXShellScriptBuildPhase section */

/* Begin PBXSourcesBuildPhase section */
		FE07FC972567FC8700E1A537 /* Sources */ = {
			isa = PBXSourcesBuildPhase;
			buildActionMask = 2147483647;
			files = (
				FE07FCFA256BCE8F00E1A537 /* RepositoryProtocol.swift in Sources */,
				7C9447F2256BF3F5009D8C86 /* NewHabitController.swift in Sources */,
				FE07FCE6256BCDD400E1A537 /* ViewModel.swift in Sources */,
				7C9447EF256BED5B009D8C86 /* NewHabitView.swift in Sources */,
				FE07FCF1256BCE2500E1A537 /* Colors.swift in Sources */,
				FE07FCA32567FC8700E1A537 /* ViewController.swift in Sources */,
				FE07FC9F2567FC8700E1A537 /* AppDelegate.swift in Sources */,
				FE07FCA12567FC8700E1A537 /* SceneDelegate.swift in Sources */,
				7C8CA013256E83800057FB3C /* EditionTableViewCell.swift in Sources */,
				FE07FCA92567FC8700E1A537 /* Chantine.xcdatamodeld in Sources */,
			);
			runOnlyForDeploymentPostprocessing = 0;
		};
		FE07FCB02567FC8A00E1A537 /* Sources */ = {
			isa = PBXSourcesBuildPhase;
			buildActionMask = 2147483647;
			files = (
				FE07FCB92567FC8A00E1A537 /* ChantineTests.swift in Sources */,
			);
			runOnlyForDeploymentPostprocessing = 0;
		};
		FE07FCBB2567FC8A00E1A537 /* Sources */ = {
			isa = PBXSourcesBuildPhase;
			buildActionMask = 2147483647;
			files = (
				FE07FCC42567FC8A00E1A537 /* ChantineUITests.swift in Sources */,
			);
			runOnlyForDeploymentPostprocessing = 0;
		};
/* End PBXSourcesBuildPhase section */

/* Begin PBXTargetDependency section */
		FE07FCB62567FC8A00E1A537 /* PBXTargetDependency */ = {
			isa = PBXTargetDependency;
			target = FE07FC9A2567FC8700E1A537 /* Chantine */;
			targetProxy = FE07FCB52567FC8A00E1A537 /* PBXContainerItemProxy */;
		};
		FE07FCC12567FC8A00E1A537 /* PBXTargetDependency */ = {
			isa = PBXTargetDependency;
			target = FE07FC9A2567FC8700E1A537 /* Chantine */;
			targetProxy = FE07FCC02567FC8A00E1A537 /* PBXContainerItemProxy */;
		};
/* End PBXTargetDependency section */

/* Begin PBXVariantGroup section */
		FE07FCA42567FC8700E1A537 /* Main.storyboard */ = {
			isa = PBXVariantGroup;
			children = (
				FE07FCA52567FC8700E1A537 /* Base */,
			);
			name = Main.storyboard;
			sourceTree = "<group>";
		};
		FE07FCAC2567FC8900E1A537 /* LaunchScreen.storyboard */ = {
			isa = PBXVariantGroup;
			children = (
				FE07FCAD2567FC8900E1A537 /* Base */,
			);
			name = LaunchScreen.storyboard;
			sourceTree = "<group>";
		};
/* End PBXVariantGroup section */

/* Begin XCBuildConfiguration section */
		FE07FCC62567FC8A00E1A537 /* Debug */ = {
			isa = XCBuildConfiguration;
			buildSettings = {
				ALWAYS_SEARCH_USER_PATHS = NO;
				CLANG_ANALYZER_NONNULL = YES;
				CLANG_ANALYZER_NUMBER_OBJECT_CONVERSION = YES_AGGRESSIVE;
				CLANG_CXX_LANGUAGE_STANDARD = "gnu++14";
				CLANG_CXX_LIBRARY = "libc++";
				CLANG_ENABLE_MODULES = YES;
				CLANG_ENABLE_OBJC_ARC = YES;
				CLANG_ENABLE_OBJC_WEAK = YES;
				CLANG_WARN_BLOCK_CAPTURE_AUTORELEASING = YES;
				CLANG_WARN_BOOL_CONVERSION = YES;
				CLANG_WARN_COMMA = YES;
				CLANG_WARN_CONSTANT_CONVERSION = YES;
				CLANG_WARN_DEPRECATED_OBJC_IMPLEMENTATIONS = YES;
				CLANG_WARN_DIRECT_OBJC_ISA_USAGE = YES_ERROR;
				CLANG_WARN_DOCUMENTATION_COMMENTS = YES;
				CLANG_WARN_EMPTY_BODY = YES;
				CLANG_WARN_ENUM_CONVERSION = YES;
				CLANG_WARN_INFINITE_RECURSION = YES;
				CLANG_WARN_INT_CONVERSION = YES;
				CLANG_WARN_NON_LITERAL_NULL_CONVERSION = YES;
				CLANG_WARN_OBJC_IMPLICIT_RETAIN_SELF = YES;
				CLANG_WARN_OBJC_LITERAL_CONVERSION = YES;
				CLANG_WARN_OBJC_ROOT_CLASS = YES_ERROR;
				CLANG_WARN_QUOTED_INCLUDE_IN_FRAMEWORK_HEADER = YES;
				CLANG_WARN_RANGE_LOOP_ANALYSIS = YES;
				CLANG_WARN_STRICT_PROTOTYPES = YES;
				CLANG_WARN_SUSPICIOUS_MOVE = YES;
				CLANG_WARN_UNGUARDED_AVAILABILITY = YES_AGGRESSIVE;
				CLANG_WARN_UNREACHABLE_CODE = YES;
				CLANG_WARN__DUPLICATE_METHOD_MATCH = YES;
				COPY_PHASE_STRIP = NO;
				DEBUG_INFORMATION_FORMAT = dwarf;
				ENABLE_STRICT_OBJC_MSGSEND = YES;
				ENABLE_TESTABILITY = YES;
				GCC_C_LANGUAGE_STANDARD = gnu11;
				GCC_DYNAMIC_NO_PIC = NO;
				GCC_NO_COMMON_BLOCKS = YES;
				GCC_OPTIMIZATION_LEVEL = 0;
				GCC_PREPROCESSOR_DEFINITIONS = (
					"DEBUG=1",
					"$(inherited)",
				);
				GCC_WARN_64_TO_32_BIT_CONVERSION = YES;
				GCC_WARN_ABOUT_RETURN_TYPE = YES_ERROR;
				GCC_WARN_UNDECLARED_SELECTOR = YES;
				GCC_WARN_UNINITIALIZED_AUTOS = YES_AGGRESSIVE;
				GCC_WARN_UNUSED_FUNCTION = YES;
				GCC_WARN_UNUSED_VARIABLE = YES;
				IPHONEOS_DEPLOYMENT_TARGET = 13.6;
				MTL_ENABLE_DEBUG_INFO = INCLUDE_SOURCE;
				MTL_FAST_MATH = YES;
				ONLY_ACTIVE_ARCH = YES;
				SDKROOT = iphoneos;
				SWIFT_ACTIVE_COMPILATION_CONDITIONS = DEBUG;
				SWIFT_OPTIMIZATION_LEVEL = "-Onone";
			};
			name = Debug;
		};
		FE07FCC72567FC8A00E1A537 /* Release */ = {
			isa = XCBuildConfiguration;
			buildSettings = {
				ALWAYS_SEARCH_USER_PATHS = NO;
				CLANG_ANALYZER_NONNULL = YES;
				CLANG_ANALYZER_NUMBER_OBJECT_CONVERSION = YES_AGGRESSIVE;
				CLANG_CXX_LANGUAGE_STANDARD = "gnu++14";
				CLANG_CXX_LIBRARY = "libc++";
				CLANG_ENABLE_MODULES = YES;
				CLANG_ENABLE_OBJC_ARC = YES;
				CLANG_ENABLE_OBJC_WEAK = YES;
				CLANG_WARN_BLOCK_CAPTURE_AUTORELEASING = YES;
				CLANG_WARN_BOOL_CONVERSION = YES;
				CLANG_WARN_COMMA = YES;
				CLANG_WARN_CONSTANT_CONVERSION = YES;
				CLANG_WARN_DEPRECATED_OBJC_IMPLEMENTATIONS = YES;
				CLANG_WARN_DIRECT_OBJC_ISA_USAGE = YES_ERROR;
				CLANG_WARN_DOCUMENTATION_COMMENTS = YES;
				CLANG_WARN_EMPTY_BODY = YES;
				CLANG_WARN_ENUM_CONVERSION = YES;
				CLANG_WARN_INFINITE_RECURSION = YES;
				CLANG_WARN_INT_CONVERSION = YES;
				CLANG_WARN_NON_LITERAL_NULL_CONVERSION = YES;
				CLANG_WARN_OBJC_IMPLICIT_RETAIN_SELF = YES;
				CLANG_WARN_OBJC_LITERAL_CONVERSION = YES;
				CLANG_WARN_OBJC_ROOT_CLASS = YES_ERROR;
				CLANG_WARN_QUOTED_INCLUDE_IN_FRAMEWORK_HEADER = YES;
				CLANG_WARN_RANGE_LOOP_ANALYSIS = YES;
				CLANG_WARN_STRICT_PROTOTYPES = YES;
				CLANG_WARN_SUSPICIOUS_MOVE = YES;
				CLANG_WARN_UNGUARDED_AVAILABILITY = YES_AGGRESSIVE;
				CLANG_WARN_UNREACHABLE_CODE = YES;
				CLANG_WARN__DUPLICATE_METHOD_MATCH = YES;
				COPY_PHASE_STRIP = NO;
				DEBUG_INFORMATION_FORMAT = "dwarf-with-dsym";
				ENABLE_NS_ASSERTIONS = NO;
				ENABLE_STRICT_OBJC_MSGSEND = YES;
				GCC_C_LANGUAGE_STANDARD = gnu11;
				GCC_NO_COMMON_BLOCKS = YES;
				GCC_WARN_64_TO_32_BIT_CONVERSION = YES;
				GCC_WARN_ABOUT_RETURN_TYPE = YES_ERROR;
				GCC_WARN_UNDECLARED_SELECTOR = YES;
				GCC_WARN_UNINITIALIZED_AUTOS = YES_AGGRESSIVE;
				GCC_WARN_UNUSED_FUNCTION = YES;
				GCC_WARN_UNUSED_VARIABLE = YES;
				IPHONEOS_DEPLOYMENT_TARGET = 13.6;
				MTL_ENABLE_DEBUG_INFO = NO;
				MTL_FAST_MATH = YES;
				SDKROOT = iphoneos;
				SWIFT_COMPILATION_MODE = wholemodule;
				SWIFT_OPTIMIZATION_LEVEL = "-O";
				VALIDATE_PRODUCT = YES;
			};
			name = Release;
		};
		FE07FCC92567FC8A00E1A537 /* Debug */ = {
			isa = XCBuildConfiguration;
			buildSettings = {
				ASSETCATALOG_COMPILER_APPICON_NAME = AppIcon;
				ASSETCATALOG_COMPILER_GLOBAL_ACCENT_COLOR_NAME = AccentColor;
				CODE_SIGN_STYLE = Automatic;
				DEVELOPMENT_TEAM = Y8HUNAB446;
				INFOPLIST_FILE = Chantine/Info.plist;
				IPHONEOS_DEPLOYMENT_TARGET = 13.0;
				LD_RUNPATH_SEARCH_PATHS = (
					"$(inherited)",
					"@executable_path/Frameworks",
				);
				PRODUCT_BUNDLE_IDENTIFIER = com.pedrosousa.Chantine;
				PRODUCT_NAME = "$(TARGET_NAME)";
				SWIFT_VERSION = 5.0;
				TARGETED_DEVICE_FAMILY = 1;
			};
			name = Debug;
		};
		FE07FCCA2567FC8A00E1A537 /* Release */ = {
			isa = XCBuildConfiguration;
			buildSettings = {
				ASSETCATALOG_COMPILER_APPICON_NAME = AppIcon;
				ASSETCATALOG_COMPILER_GLOBAL_ACCENT_COLOR_NAME = AccentColor;
				CODE_SIGN_STYLE = Automatic;
				DEVELOPMENT_TEAM = Y8HUNAB446;
				INFOPLIST_FILE = Chantine/Info.plist;
				IPHONEOS_DEPLOYMENT_TARGET = 13.0;
				LD_RUNPATH_SEARCH_PATHS = (
					"$(inherited)",
					"@executable_path/Frameworks",
				);
				PRODUCT_BUNDLE_IDENTIFIER = com.pedrosousa.Chantine;
				PRODUCT_NAME = "$(TARGET_NAME)";
				SWIFT_VERSION = 5.0;
				TARGETED_DEVICE_FAMILY = 1;
			};
			name = Release;
		};
		FE07FCCC2567FC8A00E1A537 /* Debug */ = {
			isa = XCBuildConfiguration;
			buildSettings = {
				ALWAYS_EMBED_SWIFT_STANDARD_LIBRARIES = YES;
				BUNDLE_LOADER = "$(TEST_HOST)";
				CODE_SIGN_STYLE = Automatic;
				DEVELOPMENT_TEAM = TF4K4YZ8PT;
				INFOPLIST_FILE = ChantineTests/Info.plist;
				IPHONEOS_DEPLOYMENT_TARGET = 14.2;
				LD_RUNPATH_SEARCH_PATHS = (
					"$(inherited)",
					"@executable_path/Frameworks",
					"@loader_path/Frameworks",
				);
				PRODUCT_BUNDLE_IDENTIFIER = com.pedrosousa.ChantineTests;
				PRODUCT_NAME = "$(TARGET_NAME)";
				SWIFT_VERSION = 5.0;
				TARGETED_DEVICE_FAMILY = "1,2";
				TEST_HOST = "$(BUILT_PRODUCTS_DIR)/Chantine.app/Chantine";
			};
			name = Debug;
		};
		FE07FCCD2567FC8A00E1A537 /* Release */ = {
			isa = XCBuildConfiguration;
			buildSettings = {
				ALWAYS_EMBED_SWIFT_STANDARD_LIBRARIES = YES;
				BUNDLE_LOADER = "$(TEST_HOST)";
				CODE_SIGN_STYLE = Automatic;
				DEVELOPMENT_TEAM = TF4K4YZ8PT;
				INFOPLIST_FILE = ChantineTests/Info.plist;
				IPHONEOS_DEPLOYMENT_TARGET = 14.2;
				LD_RUNPATH_SEARCH_PATHS = (
					"$(inherited)",
					"@executable_path/Frameworks",
					"@loader_path/Frameworks",
				);
				PRODUCT_BUNDLE_IDENTIFIER = com.pedrosousa.ChantineTests;
				PRODUCT_NAME = "$(TARGET_NAME)";
				SWIFT_VERSION = 5.0;
				TARGETED_DEVICE_FAMILY = "1,2";
				TEST_HOST = "$(BUILT_PRODUCTS_DIR)/Chantine.app/Chantine";
			};
			name = Release;
		};
		FE07FCCF2567FC8A00E1A537 /* Debug */ = {
			isa = XCBuildConfiguration;
			buildSettings = {
				ALWAYS_EMBED_SWIFT_STANDARD_LIBRARIES = YES;
				CODE_SIGN_STYLE = Automatic;
				DEVELOPMENT_TEAM = TF4K4YZ8PT;
				INFOPLIST_FILE = ChantineUITests/Info.plist;
				LD_RUNPATH_SEARCH_PATHS = (
					"$(inherited)",
					"@executable_path/Frameworks",
					"@loader_path/Frameworks",
				);
				PRODUCT_BUNDLE_IDENTIFIER = com.pedrosousa.ChantineUITests;
				PRODUCT_NAME = "$(TARGET_NAME)";
				SWIFT_VERSION = 5.0;
				TARGETED_DEVICE_FAMILY = "1,2";
				TEST_TARGET_NAME = Chantine;
			};
			name = Debug;
		};
		FE07FCD02567FC8A00E1A537 /* Release */ = {
			isa = XCBuildConfiguration;
			buildSettings = {
				ALWAYS_EMBED_SWIFT_STANDARD_LIBRARIES = YES;
				CODE_SIGN_STYLE = Automatic;
				DEVELOPMENT_TEAM = TF4K4YZ8PT;
				INFOPLIST_FILE = ChantineUITests/Info.plist;
				LD_RUNPATH_SEARCH_PATHS = (
					"$(inherited)",
					"@executable_path/Frameworks",
					"@loader_path/Frameworks",
				);
				PRODUCT_BUNDLE_IDENTIFIER = com.pedrosousa.ChantineUITests;
				PRODUCT_NAME = "$(TARGET_NAME)";
				SWIFT_VERSION = 5.0;
				TARGETED_DEVICE_FAMILY = "1,2";
				TEST_TARGET_NAME = Chantine;
			};
			name = Release;
		};
/* End XCBuildConfiguration section */

/* Begin XCConfigurationList section */
		FE07FC962567FC8700E1A537 /* Build configuration list for PBXProject "Chantine" */ = {
			isa = XCConfigurationList;
			buildConfigurations = (
				FE07FCC62567FC8A00E1A537 /* Debug */,
				FE07FCC72567FC8A00E1A537 /* Release */,
			);
			defaultConfigurationIsVisible = 0;
			defaultConfigurationName = Release;
		};
		FE07FCC82567FC8A00E1A537 /* Build configuration list for PBXNativeTarget "Chantine" */ = {
			isa = XCConfigurationList;
			buildConfigurations = (
				FE07FCC92567FC8A00E1A537 /* Debug */,
				FE07FCCA2567FC8A00E1A537 /* Release */,
			);
			defaultConfigurationIsVisible = 0;
			defaultConfigurationName = Release;
		};
		FE07FCCB2567FC8A00E1A537 /* Build configuration list for PBXNativeTarget "ChantineTests" */ = {
			isa = XCConfigurationList;
			buildConfigurations = (
				FE07FCCC2567FC8A00E1A537 /* Debug */,
				FE07FCCD2567FC8A00E1A537 /* Release */,
			);
			defaultConfigurationIsVisible = 0;
			defaultConfigurationName = Release;
		};
		FE07FCCE2567FC8A00E1A537 /* Build configuration list for PBXNativeTarget "ChantineUITests" */ = {
			isa = XCConfigurationList;
			buildConfigurations = (
				FE07FCCF2567FC8A00E1A537 /* Debug */,
				FE07FCD02567FC8A00E1A537 /* Release */,
			);
			defaultConfigurationIsVisible = 0;
			defaultConfigurationName = Release;
		};
/* End XCConfigurationList section */

/* Begin XCVersionGroup section */
		FE07FCA72567FC8700E1A537 /* Chantine.xcdatamodeld */ = {
			isa = XCVersionGroup;
			children = (
				FE07FCA82567FC8700E1A537 /* Chantine.xcdatamodel */,
			);
			currentVersion = FE07FCA82567FC8700E1A537 /* Chantine.xcdatamodel */;
			path = Chantine.xcdatamodeld;
			sourceTree = "<group>";
			versionGroupType = wrapper.xcdatamodel;
		};
/* End XCVersionGroup section */
	};
	rootObject = FE07FC932567FC8700E1A537 /* Project object */;
}
